<Project ToolsVersion="4.0" xmlns="http://schemas.microsoft.com/developer/msbuild/2003">
  <ItemGroup>
    <Filter Include="src">
      <UniqueIdentifier>{3f7aaad0-bb8e-48d3-aacc-002e5b176a9a}</UniqueIdentifier>
    </Filter>
    <Filter Include="src\control">
      <UniqueIdentifier>{ceee73ca-b5dd-407a-bdba-abc8bc149aca}</UniqueIdentifier>
    </Filter>
    <Filter Include="src\app">
      <UniqueIdentifier>{2effcc98-88f8-4dc1-a119-d39f2d8ba8b8}</UniqueIdentifier>
    </Filter>
    <Filter Include="src\extern">
      <UniqueIdentifier>{c3cd65c5-770d-4980-844e-f0c036ae175a}</UniqueIdentifier>
    </Filter>
  </ItemGroup>
  <ItemGroup>
    <ClInclude Include="src\app\GGameApp.h">
      <Filter>src\app</Filter>
    </ClInclude>
    <ClInclude Include="src\control\GGameFactoryControl.h">
      <Filter>src\control</Filter>
    </ClInclude>
    <ClInclude Include="src\extern\GJavaExportMethod.h">
      <Filter>src\extern</Filter>
    </ClInclude>
  </ItemGroup>
  <ItemGroup>
    <ClCompile Include="src\app\GGameApp.cpp">
      <Filter>src\app</Filter>
    </ClCompile>
    <ClCompile Include="src\extern\GJavaExportMethod.cpp">
      <Filter>src\extern</Filter>
    </ClCompile>
    <ClCompile Include="src\main.cpp">
      <Filter>src</Filter>
    </ClCompile>
  </ItemGroup>
</Project>
